
Microsoft Visual Studio Solution File, Format Version 12.00
# Visual Studio 2013
VisualStudioVersion = 12.0.40629.0
MinimumVisualStudioVersion = 10.0.40219.1
Project("{8BC9CEB8-8B4A-11D0-8D11-00A0C91BC942}") = "Dec22Nd", "Dec22Nd\Dec22Nd.vcxproj", "{889AD633-945A-457C-979E-00A1B09261C7}"
EndProject
Global
	GlobalSection(SolutionConfigurationPlatforms) = preSolution
		Debug|Win32 = Debug|Win32
		Release|Win32 = Release|Win32
	EndGlobalSection
	GlobalSection(ProjectConfigurationPlatforms) = postSolution
		{889AD633-945A-457C-979E-00A1B09261C7}.Debug|Win32.ActiveCfg = Debug|Win32
		{889AD633-945A-457C-979E-00A1B09261C7}.Debug|Win32.Build.0 = Debug|Win32
		{889AD633-945A-457C-979E-00A1B09261C7}.Release|Win32.ActiveCfg = Release|Win32
		{889AD633-945A-457C-979E-00A1B09261C7}.Release|Win32.Build.0 = Release|Win32
	EndGlobalSection
	GlobalSection(SolutionProperties) = preSolution
		HideSolutionNode = FALSE
	EndGlobalSection
EndGlobal
