
Microsoft Visual Studio Solution File, Format Version 12.00
# Visual Studio 2013
VisualStudioVersion = 12.0.40629.0
MinimumVisualStudioVersion = 10.0.40219.1
Project("{8BC9CEB8-8B4A-11D0-8D11-00A0C91BC942}") = "Chapter2", "Chapter2.vcxproj", "{0961EA0A-4929-464E-9321-F48D7E94890D}"
EndProject
Project("{2150E333-8FDC-42A3-9474-1A3956D46DE8}") = ".nuget", ".nuget", "{CE59EB86-F1EF-427E-A88A-067F5CD37617}"
	ProjectSection(SolutionItems) = preProject
		.nuget\NuGet.Config = .nuget\NuGet.Config
		.nuget\NuGet.exe = .nuget\NuGet.exe
		.nuget\NuGet.targets = .nuget\NuGet.targets
	EndProjectSection
EndProject
Global
	GlobalSection(SolutionConfigurationPlatforms) = preSolution
		Debug|Win32 = Debug|Win32
		Release|Win32 = Release|Win32
	EndGlobalSection
	GlobalSection(ProjectConfigurationPlatforms) = postSolution
		{0961EA0A-4929-464E-9321-F48D7E94890D}.Debug|Win32.ActiveCfg = Debug|Win32
		{0961EA0A-4929-464E-9321-F48D7E94890D}.Debug|Win32.Build.0 = Debug|Win32
		{0961EA0A-4929-464E-9321-F48D7E94890D}.Release|Win32.ActiveCfg = Release|Win32
		{0961EA0A-4929-464E-9321-F48D7E94890D}.Release|Win32.Build.0 = Release|Win32
	EndGlobalSection
	GlobalSection(SolutionProperties) = preSolution
		HideSolutionNode = FALSE
	EndGlobalSection
EndGlobal
