
Microsoft Visual Studio Solution File, Format Version 10.00
# Visual Studio 2008
Project("{8BC9CEB8-8B4A-11D0-8D11-00A0C91BC942}") = "CriptoPP", "CriptoPP\CriptoPP.vcproj", "{4CE7130A-0955-4F5B-8554-CF9E34873993}"
EndProject
Global
	GlobalSection(SolutionConfigurationPlatforms) = preSolution
		Debug|Win32 = Debug|Win32
		Release|Win32 = Release|Win32
	EndGlobalSection
	GlobalSection(ProjectConfigurationPlatforms) = postSolution
		{4CE7130A-0955-4F5B-8554-CF9E34873993}.Debug|Win32.ActiveCfg = Debug|Win32
		{4CE7130A-0955-4F5B-8554-CF9E34873993}.Debug|Win32.Build.0 = Debug|Win32
		{4CE7130A-0955-4F5B-8554-CF9E34873993}.Release|Win32.ActiveCfg = Release|Win32
		{4CE7130A-0955-4F5B-8554-CF9E34873993}.Release|Win32.Build.0 = Release|Win32
	EndGlobalSection
	GlobalSection(SolutionProperties) = preSolution
		HideSolutionNode = FALSE
	EndGlobalSection
EndGlobal
